{
  "name": "cv",
  "version": "1.0.0",
  "lockfileVersion": 1,
  "requires": true,
  "dependencies": {
    "jquery": {
      "version": "3.3.1",
      "resolved": "https://registry.npmjs.org/jquery/-/jquery-3.3.1.tgz",
      "integrity": "sha512-Ubldcmxp5np52/ENotGxlLe6aGMvmF4R8S6tZjsP6Knsaxd/xp3Zrh50cG93lR6nPXyUFwzN3ZSOQI0wRJNdGg=="
    },
    "jquery-svg-progress": {
      "version": "1.0.1",
      "resolved": "https://registry.npmjs.org/jquery-svg-progress/-/jquery-svg-progress-1.0.1.tgz",
      "integrity": "sha1-7DxdCJvhgxzzByxxrpvQifFIvEo="
    },
    "svg-progress": {
      "version": "0.0.4",
      "resolved": "https://registry.npmjs.org/svg-progress/-/svg-progress-0.0.4.tgz",
      "integrity": "sha512-HIqOVtOQRRg8LLkLFl9WW6U5PC+lwjF2YGL0ciICoa7w6RlHfrI8kd/P+A5y+zvRwObtFwobOS0Y2EVdVCSXPA=="
    },
    "uikit": {
      "version": "3.0.0-rc.11",
      "resolved": "https://registry.npmjs.org/uikit/-/uikit-3.0.0-rc.11.tgz",
      "integrity": "sha512-B4E/OjvZmF9r7q6vJw51RuNKi6H5z8XkZiatUiAZnMz/dEVkkBP9ooDCAbGTZ9jXqcuDQEOX7PZ4HSeuhZgzNQ=="
    }
  }
}
